
Microsoft Visual Studio Solution File, Format Version 12.00
# Visual Studio 15
Project("{FAE04EC0-301F-11D3-BF4B-00C04F79EFBC}") = "Assembly-CSharp-firstpass", "Assembly-CSharp-firstpass.csproj", "{7AE0D72C-9F1F-76BE-B41D-48D7FB421777}"
EndProject
Project("{FAE04EC0-301F-11D3-BF4B-00C04F79EFBC}") = "Assembly-CSharp", "Assembly-CSharp.csproj", "{42D35827-FFD8-C3E4-A74D-3CB2925C50B5}"
EndProject
Project("{FAE04EC0-301F-11D3-BF4B-00C04F79EFBC}") = "Assembly-CSharp-Editor-firstpass", "Assembly-CSharp-Editor-firstpass.csproj", "{985CBAB0-8CA5-B3D0-79F3-76AC14ABEDA9}"
EndProject
Global
	GlobalSection(SolutionConfigurationPlatforms) = preSolution
		Debug|Any CPU = Debug|Any CPU
		Release|Any CPU = Release|Any CPU
	EndGlobalSection
	GlobalSection(ProjectConfigurationPlatforms) = postSolution
		{7AE0D72C-9F1F-76BE-B41D-48D7FB421777}.Debug|Any CPU.ActiveCfg = Debug|Any CPU
		{7AE0D72C-9F1F-76BE-B41D-48D7FB421777}.Debug|Any CPU.Build.0 = Debug|Any CPU
		{7AE0D72C-9F1F-76BE-B41D-48D7FB421777}.Release|Any CPU.ActiveCfg = Release|Any CPU
		{7AE0D72C-9F1F-76BE-B41D-48D7FB421777}.Release|Any CPU.Build.0 = Release|Any CPU
		{42D35827-FFD8-C3E4-A74D-3CB2925C50B5}.Debug|Any CPU.ActiveCfg = Debug|Any CPU
		{42D35827-FFD8-C3E4-A74D-3CB2925C50B5}.Debug|Any CPU.Build.0 = Debug|Any CPU
		{42D35827-FFD8-C3E4-A74D-3CB2925C50B5}.Release|Any CPU.ActiveCfg = Release|Any CPU
		{42D35827-FFD8-C3E4-A74D-3CB2925C50B5}.Release|Any CPU.Build.0 = Release|Any CPU
		{985CBAB0-8CA5-B3D0-79F3-76AC14ABEDA9}.Debug|Any CPU.ActiveCfg = Debug|Any CPU
		{985CBAB0-8CA5-B3D0-79F3-76AC14ABEDA9}.Debug|Any CPU.Build.0 = Debug|Any CPU
		{985CBAB0-8CA5-B3D0-79F3-76AC14ABEDA9}.Release|Any CPU.ActiveCfg = Release|Any CPU
		{985CBAB0-8CA5-B3D0-79F3-76AC14ABEDA9}.Release|Any CPU.Build.0 = Release|Any CPU
	EndGlobalSection
	GlobalSection(SolutionProperties) = preSolution
		HideSolutionNode = FALSE
	EndGlobalSection
	GlobalSection(MonoDevelopProperties) = preSolution
		StartupItem = Assembly-CSharp.csproj
	EndGlobalSection
EndGlobal
