
Microsoft Visual Studio Solution File, Format Version 12.00
# Visual Studio Version 16
VisualStudioVersion = 16.0.29609.76
MinimumVisualStudioVersion = 10.0.40219.1
Project("{FAE04EC0-301F-11D3-BF4B-00C04F79EFBC}") = "WindowsFormsApp", "WindowsFormsApp\WindowsFormsApp.csproj", "{EA09EDCC-842F-4A77-AED5-85F4D91D2FEA}"
EndProject
Global
	GlobalSection(SolutionConfigurationPlatforms) = preSolution
		Debug|Any CPU = Debug|Any CPU
		Release|Any CPU = Release|Any CPU
	EndGlobalSection
	GlobalSection(ProjectConfigurationPlatforms) = postSolution
		{EA09EDCC-842F-4A77-AED5-85F4D91D2FEA}.Debug|Any CPU.ActiveCfg = Debug|Any CPU
		{EA09EDCC-842F-4A77-AED5-85F4D91D2FEA}.Debug|Any CPU.Build.0 = Debug|Any CPU
		{EA09EDCC-842F-4A77-AED5-85F4D91D2FEA}.Release|Any CPU.ActiveCfg = Release|Any CPU
		{EA09EDCC-842F-4A77-AED5-85F4D91D2FEA}.Release|Any CPU.Build.0 = Release|Any CPU
	EndGlobalSection
	GlobalSection(SolutionProperties) = preSolution
		HideSolutionNode = FALSE
	EndGlobalSection
	GlobalSection(ExtensibilityGlobals) = postSolution
		SolutionGuid = {FA3867BE-865D-4013-855F-AA4E1687C013}
	EndGlobalSection
EndGlobal
